
Microsoft Visual Studio Solution File, Format Version 11.00
# Visual Studio 2010
Project("{8BC9CEB8-8B4A-11D0-8D11-00A0C91BC942}") = "Assignment2", "Assignment2.vcxproj", "{2080F24C-8FD2-4C11-9BB0-5C1CAC870B8C}"
EndProject
Project("{8BC9CEB8-8B4A-11D0-8D11-00A0C91BC942}") = "JPEG", "JPEG.vcxproj", "{86D9F642-C0C3-46EF-B5F0-843909DD8903}"
EndProject
Global
	GlobalSection(SolutionConfigurationPlatforms) = preSolution
		Debug|Win32 = Debug|Win32
		Release|Win32 = Release|Win32
	EndGlobalSection
	GlobalSection(ProjectConfigurationPlatforms) = postSolution
		{2080F24C-8FD2-4C11-9BB0-5C1CAC870B8C}.Debug|Win32.ActiveCfg = Debug|Win32
		{2080F24C-8FD2-4C11-9BB0-5C1CAC870B8C}.Debug|Win32.Build.0 = Debug|Win32
		{2080F24C-8FD2-4C11-9BB0-5C1CAC870B8C}.Release|Win32.ActiveCfg = Release|Win32
		{2080F24C-8FD2-4C11-9BB0-5C1CAC870B8C}.Release|Win32.Build.0 = Release|Win32
		{86D9F642-C0C3-46EF-B5F0-843909DD8903}.Debug|Win32.ActiveCfg = Debug|Win32
		{86D9F642-C0C3-46EF-B5F0-843909DD8903}.Debug|Win32.Build.0 = Debug|Win32
		{86D9F642-C0C3-46EF-B5F0-843909DD8903}.Release|Win32.ActiveCfg = Release|Win32
		{86D9F642-C0C3-46EF-B5F0-843909DD8903}.Release|Win32.Build.0 = Release|Win32
	EndGlobalSection
	GlobalSection(SolutionProperties) = preSolution
		HideSolutionNode = FALSE
	EndGlobalSection
EndGlobal
