<?xml version="1.0" encoding="utf-8"?>
<Project ToolsVersion="4.0" xmlns="http://schemas.microsoft.com/developer/msbuild/2003">
  <ItemGroup>
    <Filter Include="Source Files">
      <UniqueIdentifier>{7fc31e58-9609-4d06-b2d4-fea0c514032f}</UniqueIdentifier>
      <Extensions>cpp;c;cxx;rc;def;r;odl;idl;hpj;bat</Extensions>
    </Filter>
    <Filter Include="Header Files">
      <UniqueIdentifier>{6ac2476c-2c69-4a1e-9da3-32e764ff3e31}</UniqueIdentifier>
      <Extensions>h;hpp;hxx;hm;inl</Extensions>
    </Filter>
    <Filter Include="Resource Files">
      <UniqueIdentifier>{cd76f81e-4120-4b63-b2f2-ff885bbb30f0}</UniqueIdentifier>
      <Extensions>ico;cur;bmp;dlg;rc2;rct;bin;rgs;gif;jpg;jpeg;jpe</Extensions>
    </Filter>
  </ItemGroup>
  <ItemGroup>
    <ClCompile Include="Image\bmp.cpp">
      <Filter>Source Files</Filter>
    </ClCompile>
    <ClCompile Include="Util\cmdLineParser.cpp">
      <Filter>Source Files</Filter>
    </ClCompile>
    <ClCompile Include="Util\geometry.cpp">
      <Filter>Source Files</Filter>
    </ClCompile>
    <ClCompile Include="Util\geometry.todo.cpp">
      <Filter>Source Files</Filter>
    </ClCompile>
    <ClCompile Include="Image\image.cpp">
      <Filter>Source Files</Filter>
    </ClCompile>
    <ClCompile Include="Image\image.todo.cpp">
      <Filter>Source Files</Filter>
    </ClCompile>
    <ClCompile Include="Image\jpeg.cpp">
      <Filter>Source Files</Filter>
    </ClCompile>
    <ClCompile Include="Image\lineSegments.cpp">
      <Filter>Source Files</Filter>
    </ClCompile>
    <ClCompile Include="Image\lineSegments.todo.cpp">
      <Filter>Source Files</Filter>
    </ClCompile>
    <ClCompile Include="main.cpp">
      <Filter>Source Files</Filter>
    </ClCompile>
    <ClCompile Include="Ray\mouse.cpp">
      <Filter>Source Files</Filter>
    </ClCompile>
    <ClCompile Include="Ray\rayBox.cpp">
      <Filter>Source Files</Filter>
    </ClCompile>
    <ClCompile Include="Ray\rayBox.todo.cpp">
      <Filter>Source Files</Filter>
    </ClCompile>
    <ClCompile Include="Ray\rayCamera.cpp">
      <Filter>Source Files</Filter>
    </ClCompile>
    <ClCompile Include="Ray\rayCamera.todo.cpp">
      <Filter>Source Files</Filter>
    </ClCompile>
    <ClCompile Include="Ray\rayCone.cpp">
      <Filter>Source Files</Filter>
    </ClCompile>
    <ClCompile Include="Ray\rayCone.todo.cpp">
      <Filter>Source Files</Filter>
    </ClCompile>
    <ClCompile Include="Ray\rayCylinder.cpp">
      <Filter>Source Files</Filter>
    </ClCompile>
    <ClCompile Include="Ray\rayCylinder.todo.cpp">
      <Filter>Source Files</Filter>
    </ClCompile>
    <ClCompile Include="Ray\rayDirectionalLight.cpp">
      <Filter>Source Files</Filter>
    </ClCompile>
    <ClCompile Include="Ray\rayDirectionalLight.todo.cpp">
      <Filter>Source Files</Filter>
    </ClCompile>
    <ClCompile Include="Ray\rayFileInstance.cpp">
      <Filter>Source Files</Filter>
    </ClCompile>
    <ClCompile Include="Ray\rayGroup.cpp">
      <Filter>Source Files</Filter>
    </ClCompile>
    <ClCompile Include="Ray\rayGroup.todo.cpp">
      <Filter>Source Files</Filter>
    </ClCompile>
    <ClCompile Include="Ray\rayKey.cpp">
      <Filter>Source Files</Filter>
    </ClCompile>
    <ClCompile Include="Ray\rayPointLight.cpp">
      <Filter>Source Files</Filter>
    </ClCompile>
    <ClCompile Include="Ray\rayPointLight.todo.cpp">
      <Filter>Source Files</Filter>
    </ClCompile>
    <ClCompile Include="Ray\rayScene.cpp">
      <Filter>Source Files</Filter>
    </ClCompile>
    <ClCompile Include="Ray\rayScene.todo.cpp">
      <Filter>Source Files</Filter>
    </ClCompile>
    <ClCompile Include="Ray\raySphere.cpp">
      <Filter>Source Files</Filter>
    </ClCompile>
    <ClCompile Include="Ray\raySphere.todo.cpp">
      <Filter>Source Files</Filter>
    </ClCompile>
    <ClCompile Include="Ray\raySpotLight.cpp">
      <Filter>Source Files</Filter>
    </ClCompile>
    <ClCompile Include="Ray\raySpotLight.todo.cpp">
      <Filter>Source Files</Filter>
    </ClCompile>
    <ClCompile Include="Ray\rayTriangle.cpp">
      <Filter>Source Files</Filter>
    </ClCompile>
    <ClCompile Include="Ray\rayTriangle.todo.cpp">
      <Filter>Source Files</Filter>
    </ClCompile>
    <ClCompile Include="Ray\rayWindow.cpp">
      <Filter>Source Files</Filter>
    </ClCompile>
    <ClCompile Include="Util\time.cpp">
      <Filter>Source Files</Filter>
    </ClCompile>
  </ItemGroup>
  <ItemGroup>
    <ClInclude Include="Image\bmp.h">
      <Filter>Header Files</Filter>
    </ClInclude>
    <ClInclude Include="Util\cmdLineParser.h">
      <Filter>Header Files</Filter>
    </ClInclude>
    <ClInclude Include="SVD\comdef.h">
      <Filter>Header Files</Filter>
    </ClInclude>
    <ClInclude Include="Util\geometry.h">
      <Filter>Header Files</Filter>
    </ClInclude>
    <ClInclude Include="Image\image.h">
      <Filter>Header Files</Filter>
    </ClInclude>
    <ClInclude Include="Image\jpeg.h">
      <Filter>Header Files</Filter>
    </ClInclude>
    <ClInclude Include="Image\lineSegments.h">
      <Filter>Header Files</Filter>
    </ClInclude>
    <ClInclude Include="SVD\MatrixMNTC.h">
      <Filter>Header Files</Filter>
    </ClInclude>
    <ClInclude Include="Ray\mouse.h">
      <Filter>Header Files</Filter>
    </ClInclude>
    <ClInclude Include="Util\parameterSamples.h">
      <Filter>Header Files</Filter>
    </ClInclude>
    <ClInclude Include="Ray\rayBox.h">
      <Filter>Header Files</Filter>
    </ClInclude>
    <ClInclude Include="Ray\rayCamera.h">
      <Filter>Header Files</Filter>
    </ClInclude>
    <ClInclude Include="Ray\rayCone.h">
      <Filter>Header Files</Filter>
    </ClInclude>
    <ClInclude Include="Ray\rayCylinder.h">
      <Filter>Header Files</Filter>
    </ClInclude>
    <ClInclude Include="Ray\rayDirectionalLight.h">
      <Filter>Header Files</Filter>
    </ClInclude>
    <ClInclude Include="Ray\rayFileInstance.h">
      <Filter>Header Files</Filter>
    </ClInclude>
    <ClInclude Include="Ray\rayGroup.h">
      <Filter>Header Files</Filter>
    </ClInclude>
    <ClInclude Include="Ray\rayKey.h">
      <Filter>Header Files</Filter>
    </ClInclude>
    <ClInclude Include="Ray\rayLight.h">
      <Filter>Header Files</Filter>
    </ClInclude>
    <ClInclude Include="Ray\rayPointLight.h">
      <Filter>Header Files</Filter>
    </ClInclude>
    <ClInclude Include="Ray\rayScene.h">
      <Filter>Header Files</Filter>
    </ClInclude>
    <ClInclude Include="Ray\rayShape.h">
      <Filter>Header Files</Filter>
    </ClInclude>
    <ClInclude Include="Ray\raySphere.h">
      <Filter>Header Files</Filter>
    </ClInclude>
    <ClInclude Include="Ray\raySpotLight.h">
      <Filter>Header Files</Filter>
    </ClInclude>
    <ClInclude Include="Ray\rayTriangle.h">
      <Filter>Header Files</Filter>
    </ClInclude>
    <ClInclude Include="Ray\rayWindow.h">
      <Filter>Header Files</Filter>
    </ClInclude>
    <ClInclude Include="SVD\SVD.h">
      <Filter>Header Files</Filter>
    </ClInclude>
    <ClInclude Include="SVD\SVDFit.h">
      <Filter>Header Files</Filter>
    </ClInclude>
    <ClInclude Include="Util\time.h">
      <Filter>Header Files</Filter>
    </ClInclude>
  </ItemGroup>
  <ItemGroup>
    <None Include="SVD\MatrixMNTC.inl">
      <Filter>Header Files</Filter>
    </None>
    <None Include="Util\parameterSamples.todo.inl">
      <Filter>Header Files</Filter>
    </None>
    <None Include="SVD\SVD.inl">
      <Filter>Header Files</Filter>
    </None>
    <None Include="SVD\SVDFit.inl">
      <Filter>Header Files</Filter>
    </None>
  </ItemGroup>
</Project>