<?xml version="1.0" encoding="utf-8"?>
<Project ToolsVersion="4.0" xmlns="http://schemas.microsoft.com/developer/msbuild/2003">
  <ItemGroup>
    <Filter Include="Source Files">
      <UniqueIdentifier>{ec65921b-b81f-4aff-b7cf-d9f3c8757542}</UniqueIdentifier>
      <Extensions>cpp;c;cxx;rc;def;r;odl;idl;hpj;bat</Extensions>
    </Filter>
    <Filter Include="Header Files">
      <UniqueIdentifier>{d981bada-5563-4c8d-ab72-c30cfcf9ea39}</UniqueIdentifier>
      <Extensions>h;hpp;hxx;hm;inl</Extensions>
    </Filter>
  </ItemGroup>
  <ItemGroup>
    <ClCompile Include="JPEG\ckconfig.cpp">
      <Filter>Source Files</Filter>
    </ClCompile>
    <ClCompile Include="JPEG\jcapimin.cpp">
      <Filter>Source Files</Filter>
    </ClCompile>
    <ClCompile Include="JPEG\jcapistd.cpp">
      <Filter>Source Files</Filter>
    </ClCompile>
    <ClCompile Include="JPEG\jccoefct.cpp">
      <Filter>Source Files</Filter>
    </ClCompile>
    <ClCompile Include="JPEG\jccolor.cpp">
      <Filter>Source Files</Filter>
    </ClCompile>
    <ClCompile Include="JPEG\jcdctmgr.cpp">
      <Filter>Source Files</Filter>
    </ClCompile>
    <ClCompile Include="JPEG\jchuff.cpp">
      <Filter>Source Files</Filter>
    </ClCompile>
    <ClCompile Include="JPEG\jcinit.cpp">
      <Filter>Source Files</Filter>
    </ClCompile>
    <ClCompile Include="JPEG\jcmainct.cpp">
      <Filter>Source Files</Filter>
    </ClCompile>
    <ClCompile Include="JPEG\jcmarker.cpp">
      <Filter>Source Files</Filter>
    </ClCompile>
    <ClCompile Include="JPEG\jcmaster.cpp">
      <Filter>Source Files</Filter>
    </ClCompile>
    <ClCompile Include="JPEG\jcomapi.cpp">
      <Filter>Source Files</Filter>
    </ClCompile>
    <ClCompile Include="JPEG\jcparam.cpp">
      <Filter>Source Files</Filter>
    </ClCompile>
    <ClCompile Include="JPEG\jcphuff.cpp">
      <Filter>Source Files</Filter>
    </ClCompile>
    <ClCompile Include="JPEG\jcprepct.cpp">
      <Filter>Source Files</Filter>
    </ClCompile>
    <ClCompile Include="JPEG\jcsample.cpp">
      <Filter>Source Files</Filter>
    </ClCompile>
    <ClCompile Include="JPEG\jctrans.cpp">
      <Filter>Source Files</Filter>
    </ClCompile>
    <ClCompile Include="JPEG\jdapimin.cpp">
      <Filter>Source Files</Filter>
    </ClCompile>
    <ClCompile Include="JPEG\jdapistd.cpp">
      <Filter>Source Files</Filter>
    </ClCompile>
    <ClCompile Include="JPEG\jdatadst.cpp">
      <Filter>Source Files</Filter>
    </ClCompile>
    <ClCompile Include="JPEG\jdatasrc.cpp">
      <Filter>Source Files</Filter>
    </ClCompile>
    <ClCompile Include="JPEG\jdcoefct.cpp">
      <Filter>Source Files</Filter>
    </ClCompile>
    <ClCompile Include="JPEG\jdcolor.cpp">
      <Filter>Source Files</Filter>
    </ClCompile>
    <ClCompile Include="JPEG\jddctmgr.cpp">
      <Filter>Source Files</Filter>
    </ClCompile>
    <ClCompile Include="JPEG\jdhuff.cpp">
      <Filter>Source Files</Filter>
    </ClCompile>
    <ClCompile Include="JPEG\jdinput.cpp">
      <Filter>Source Files</Filter>
    </ClCompile>
    <ClCompile Include="JPEG\jdmainct.cpp">
      <Filter>Source Files</Filter>
    </ClCompile>
    <ClCompile Include="JPEG\jdmarker.cpp">
      <Filter>Source Files</Filter>
    </ClCompile>
    <ClCompile Include="JPEG\jdmaster.cpp">
      <Filter>Source Files</Filter>
    </ClCompile>
    <ClCompile Include="JPEG\jdmerge.cpp">
      <Filter>Source Files</Filter>
    </ClCompile>
    <ClCompile Include="JPEG\jdphuff.cpp">
      <Filter>Source Files</Filter>
    </ClCompile>
    <ClCompile Include="JPEG\jdpostct.cpp">
      <Filter>Source Files</Filter>
    </ClCompile>
    <ClCompile Include="JPEG\jdsample.cpp">
      <Filter>Source Files</Filter>
    </ClCompile>
    <ClCompile Include="JPEG\jdtrans.cpp">
      <Filter>Source Files</Filter>
    </ClCompile>
    <ClCompile Include="JPEG\jerror.cpp">
      <Filter>Source Files</Filter>
    </ClCompile>
    <ClCompile Include="JPEG\jfdctflt.cpp">
      <Filter>Source Files</Filter>
    </ClCompile>
    <ClCompile Include="JPEG\jfdctfst.cpp">
      <Filter>Source Files</Filter>
    </ClCompile>
    <ClCompile Include="JPEG\jfdctint.cpp">
      <Filter>Source Files</Filter>
    </ClCompile>
    <ClCompile Include="JPEG\jidctflt.cpp">
      <Filter>Source Files</Filter>
    </ClCompile>
    <ClCompile Include="JPEG\jidctfst.cpp">
      <Filter>Source Files</Filter>
    </ClCompile>
    <ClCompile Include="JPEG\jidctint.cpp">
      <Filter>Source Files</Filter>
    </ClCompile>
    <ClCompile Include="JPEG\jidctred.cpp">
      <Filter>Source Files</Filter>
    </ClCompile>
    <ClCompile Include="JPEG\jmemmgr.cpp">
      <Filter>Source Files</Filter>
    </ClCompile>
    <ClCompile Include="JPEG\jmemnobs.cpp">
      <Filter>Source Files</Filter>
    </ClCompile>
    <ClCompile Include="JPEG\jquant1.cpp">
      <Filter>Source Files</Filter>
    </ClCompile>
    <ClCompile Include="JPEG\jquant2.cpp">
      <Filter>Source Files</Filter>
    </ClCompile>
    <ClCompile Include="JPEG\jutils.cpp">
      <Filter>Source Files</Filter>
    </ClCompile>
  </ItemGroup>
  <ItemGroup>
    <ClInclude Include="JPEG\jchuff.h">
      <Filter>Header Files</Filter>
    </ClInclude>
    <ClInclude Include="JPEG\jconfig.h">
      <Filter>Header Files</Filter>
    </ClInclude>
    <ClInclude Include="JPEG\jdct.h">
      <Filter>Header Files</Filter>
    </ClInclude>
    <ClInclude Include="JPEG\jdhuff.h">
      <Filter>Header Files</Filter>
    </ClInclude>
    <ClInclude Include="JPEG\jerror.h">
      <Filter>Header Files</Filter>
    </ClInclude>
    <ClInclude Include="JPEG\jinclude.h">
      <Filter>Header Files</Filter>
    </ClInclude>
    <ClInclude Include="JPEG\jmemsys.h">
      <Filter>Header Files</Filter>
    </ClInclude>
    <ClInclude Include="JPEG\jmorecfg.h">
      <Filter>Header Files</Filter>
    </ClInclude>
    <ClInclude Include="JPEG\jpegint.h">
      <Filter>Header Files</Filter>
    </ClInclude>
    <ClInclude Include="JPEG\jpeglib.h">
      <Filter>Header Files</Filter>
    </ClInclude>
    <ClInclude Include="JPEG\jversion.h">
      <Filter>Header Files</Filter>
    </ClInclude>
  </ItemGroup>
</Project>